
Microsoft Visual Studio Solution File, Format Version 12.00
# Visual Studio Version 17
VisualStudioVersion = 17.9.34723.18
MinimumVisualStudioVersion = 10.0.40219.1
Project("{FAE04EC0-301F-11D3-BF4B-00C04F79EFBC}") = "Calc", "Calc\Calc.csproj", "{A74CECA5-44D3-4F43-9440-05A4C1AD3D56}"
EndProject
Global
	GlobalSection(SolutionConfigurationPlatforms) = preSolution
		Debug|Any CPU = Debug|Any CPU
		Release|Any CPU = Release|Any CPU
	EndGlobalSection
	GlobalSection(ProjectConfigurationPlatforms) = postSolution
		{A74CECA5-44D3-4F43-9440-05A4C1AD3D56}.Debug|Any CPU.ActiveCfg = Debug|Any CPU
		{A74CECA5-44D3-4F43-9440-05A4C1AD3D56}.Debug|Any CPU.Build.0 = Debug|Any CPU
		{A74CECA5-44D3-4F43-9440-05A4C1AD3D56}.Release|Any CPU.ActiveCfg = Release|Any CPU
		{A74CECA5-44D3-4F43-9440-05A4C1AD3D56}.Release|Any CPU.Build.0 = Release|Any CPU
	EndGlobalSection
	GlobalSection(SolutionProperties) = preSolution
		HideSolutionNode = FALSE
	EndGlobalSection
	GlobalSection(ExtensibilityGlobals) = postSolution
		SolutionGuid = {19A6453F-E3F2-49CC-AAF1-143F67904F73}
	EndGlobalSection
EndGlobal
